
Microsoft Visual Studio Solution File, Format Version 12.00
# Visual Studio Version 17
VisualStudioVersion = 17.6.33829.357
MinimumVisualStudioVersion = 10.0.40219.1
Project("{FAE04EC0-301F-11D3-BF4B-00C04F79EFBC}") = "NodeBeautify", "NodeBeautify.csproj", "{886C8AAF-B63F-47B9-BA48-9D48F5F4A73F}"
EndProject
Global
	GlobalSection(SolutionConfigurationPlatforms) = preSolution
		Debug|Any CPU = Debug|Any CPU
		Release|Any CPU = Release|Any CPU
	EndGlobalSection
	GlobalSection(ProjectConfigurationPlatforms) = postSolution
		{886C8AAF-B63F-47B9-BA48-9D48F5F4A73F}.Debug|Any CPU.ActiveCfg = Debug|Any CPU
		{886C8AAF-B63F-47B9-BA48-9D48F5F4A73F}.Debug|Any CPU.Build.0 = Debug|Any CPU
		{886C8AAF-B63F-47B9-BA48-9D48F5F4A73F}.Release|Any CPU.ActiveCfg = Release|Any CPU
		{886C8AAF-B63F-47B9-BA48-9D48F5F4A73F}.Release|Any CPU.Build.0 = Release|Any CPU
	EndGlobalSection
	GlobalSection(SolutionProperties) = preSolution
		HideSolutionNode = FALSE
	EndGlobalSection
	GlobalSection(ExtensibilityGlobals) = postSolution
		SolutionGuid = {D4B48EA3-8291-4563-ACAE-8EC049BF54DD}
	EndGlobalSection
EndGlobal
